// !$*UTF8*$!
{
	archiveVersion = 1;
	classes = {
	};
	objectVersion = 46;
	objects = {

/* Begin PBXBuildFile section */
		1583C8EC1CF5570400E72779 /* main.m in Sources */ = {isa = PBXBuildFile; fileRef = 1583C8EB1CF5570400E72779 /* main.m */; };
		1583C8EF1CF5570400E72779 /* AppDelegate.m in Sources */ = {isa = PBXBuildFile; fileRef = 1583C8EE1CF5570400E72779 /* AppDelegate.m */; };
		1583C8F21CF5570400E72779 /* ViewController.m in Sources */ = {isa = PBXBuildFile; fileRef = 1583C8F11CF5570400E72779 /* ViewController.m */; };
		1583C8F51CF5570400E72779 /* Main.storyboard in Resources */ = {isa = PBXBuildFile; fileRef = 1583C8F31CF5570400E72779 /* Main.storyboard */; };
		1583C8F71CF5570400E72779 /* Assets.xcassets in Resources */ = {isa = PBXBuildFile; fileRef = 1583C8F61CF5570400E72779 /* Assets.xcassets */; };
		1583C8FA1CF5570400E72779 /* LaunchScreen.storyboard in Resources */ = {isa = PBXBuildFile; fileRef = 1583C8F81CF5570400E72779 /* LaunchScreen.storyboard */; };
		1583C9051CF5570400E72779 /* changeDirectionTests.m in Sources */ = {isa = PBXBuildFile; fileRef = 1583C9041CF5570400E72779 /* changeDirectionTests.m */; };
		1583C9101CF5570400E72779 /* changeDirectionUITests.m in Sources */ = {isa = PBXBuildFile; fileRef = 1583C90F1CF5570400E72779 /* changeDirectionUITests.m */; };
/* End PBXBuildFile section */

/* Begin PBXContainerItemProxy section */
		1583C9011CF5570400E72779 /* PBXContainerItemProxy */ = {
			isa = PBXContainerItemProxy;
			containerPortal = 1583C8DF1CF5570400E72779 /* Project object */;
			proxyType = 1;
			remoteGlobalIDString = 1583C8E61CF5570400E72779;
			remoteInfo = changeDirection;
		};
		1583C90C1CF5570400E72779 /* PBXContainerItemProxy */ = {
			isa = PBXContainerItemProxy;
			containerPortal = 1583C8DF1CF5570400E72779 /* Project object */;
			proxyType = 1;
			remoteGlobalIDString = 1583C8E61CF5570400E72779;
			remoteInfo = changeDirection;
		};
/* End PBXContainerItemProxy section */

/* Begin PBXFileReference section */
		1583C8E71CF5570400E72779 /* changeDirection.app */ = {isa = PBXFileReference; explicitFileType = wrapper.application; includeInIndex = 0; path = changeDirection.app; sourceTree = BUILT_PRODUCTS_DIR; };
		1583C8EB1CF5570400E72779 /* main.m */ = {isa = PBXFileReference; lastKnownFileType = sourcecode.c.objc; path = main.m; sourceTree = "<group>"; };
		1583C8ED1CF5570400E72779 /* AppDelegate.h */ = {isa = PBXFileReference; lastKnownFileType = sourcecode.c.h; path = AppDelegate.h; sourceTree = "<group>"; };
		1583C8EE1CF5570400E72779 /* AppDelegate.m */ = {isa = PBXFileReference; lastKnownFileType = sourcecode.c.objc; path = AppDelegate.m; sourceTree = "<group>"; };
		1583C8F01CF5570400E72779 /* ViewController.h */ = {isa = PBXFileReference; lastKnownFileType = sourcecode.c.h; path = ViewController.h; sourceTree = "<group>"; };
		1583C8F11CF5570400E72779 /* ViewController.m */ = {isa = PBXFileReference; lastKnownFileType = sourcecode.c.objc; path = ViewController.m; sourceTree = "<group>"; };
		1583C8F41CF5570400E72779 /* Base */ = {isa = PBXFileReference; lastKnownFileType = file.storyboard; name = Base; path = Base.lproj/Main.storyboard; sourceTree = "<group>"; };
		1583C8F61CF5570400E72779 /* Assets.xcassets */ = {isa = PBXFileReference; lastKnownFileType = folder.assetcatalog; path = Assets.xcassets; sourceTree = "<group>"; };
		1583C8F91CF5570400E72779 /* Base */ = {isa = PBXFileReference; lastKnownFileType = file.storyboard; name = Base; path = Base.lproj/LaunchScreen.storyboard; sourceTree = "<group>"; };
		1583C8FB1CF5570400E72779 /* Info.plist */ = {isa = PBXFileReference; lastKnownFileType = text.plist.xml; path = Info.plist; sourceTree = "<group>"; };
		1583C9001CF5570400E72779 /* changeDirectionTests.xctest */ = {isa = PBXFileReference; explicitFileType = wrapper.cfbundle; includeInIndex = 0; path = changeDirectionTests.xctest; sourceTree = BUILT_PRODUCTS_DIR; };
		1583C9041CF5570400E72779 /* changeDirectionTests.m */ = {isa = PBXFileReference; lastKnownFileType = sourcecode.c.objc; path = changeDirectionTests.m; sourceTree = "<group>"; };
		1583C9061CF5570400E72779 /* Info.plist */ = {isa = PBXFileReference; lastKnownFileType = text.plist.xml; path = Info.plist; sourceTree = "<group>"; };
		1583C90B1CF5570400E72779 /* changeDirectionUITests.xctest */ = {isa = PBXFileReference; explicitFileType = wrapper.cfbundle; includeInIndex = 0; path = changeDirectionUITests.xctest; sourceTree = BUILT_PRODUCTS_DIR; };
		1583C90F1CF5570400E72779 /* changeDirectionUITests.m */ = {isa = PBXFileReference; lastKnownFileType = sourcecode.c.objc; path = changeDirectionUITests.m; sourceTree = "<group>"; };
		1583C9111CF5570400E72779 /* Info.plist */ = {isa = PBXFileReference; lastKnownFileType = text.plist.xml; path = Info.plist; sourceTree = "<group>"; };
/* End PBXFileReference section */

/* Begin PBXFrameworksBuildPhase section */
		1583C8E41CF5570400E72779 /* Frameworks */ = {
			isa = PBXFrameworksBuildPhase;
			buildActionMask = 2147483647;
			files = (
			);
			runOnlyForDeploymentPostprocessing = 0;
		};
		1583C8FD1CF5570400E72779 /* Frameworks */ = {
			isa = PBXFrameworksBuildPhase;
			buildActionMask = 2147483647;
			files = (
			);
			runOnlyForDeploymentPostprocessing = 0;
		};
		1583C9081CF5570400E72779 /* Frameworks */ = {
			isa = PBXFrameworksBuildPhase;
			buildActionMask = 2147483647;
			files = (
			);
			runOnlyForDeploymentPostprocessing = 0;
		};
/* End PBXFrameworksBuildPhase section */

/* Begin PBXGroup section */
		1583C8DE1CF5570400E72779 = {
			isa = PBXGroup;
			children = (
				1583C8E91CF5570400E72779 /* changeDirection */,
				1583C9031CF5570400E72779 /* changeDirectionTests */,
				1583C90E1CF5570400E72779 /* changeDirectionUITests */,
				1583C8E81CF5570400E72779 /* Products */,
			);
			sourceTree = "<group>";
		};
		1583C8E81CF5570400E72779 /* Products */ = {
			isa = PBXGroup;
			children = (
				1583C8E71CF5570400E72779 /* changeDirection.app */,
				1583C9001CF5570400E72779 /* changeDirectionTests.xctest */,
				1583C90B1CF5570400E72779 /* changeDirectionUITests.xctest */,
			);
			name = Products;
			sourceTree = "<group>";
		};
		1583C8E91CF5570400E72779 /* changeDirection */ = {
			isa = PBXGroup;
			children = (
				1583C8ED1CF5570400E72779 /* AppDelegate.h */,
				1583C8EE1CF5570400E72779 /* AppDelegate.m */,
				1583C8F01CF5570400E72779 /* ViewController.h */,
				1583C8F11CF5570400E72779 /* ViewController.m */,
				1583C8F31CF5570400E72779 /* Main.storyboard */,
				1583C8F61CF5570400E72779 /* Assets.xcassets */,
				1583C8F81CF5570400E72779 /* LaunchScreen.storyboard */,
				1583C8FB1CF5570400E72779 /* Info.plist */,
				1583C8EA1CF5570400E72779 /* Supporting Files */,
			);
			path = changeDirection;
			sourceTree = "<group>";
		};
		1583C8EA1CF5570400E72779 /* Supporting Files */ = {
			isa = PBXGroup;
			children = (
				1583C8EB1CF5570400E72779 /* main.m */,
			);
			name = "Supporting Files";
			sourceTree = "<group>";
		};
		1583C9031CF5570400E72779 /* changeDirectionTests */ = {
			isa = PBXGroup;
			children = (
				1583C9041CF5570400E72779 /* changeDirectionTests.m */,
				1583C9061CF5570400E72779 /* Info.plist */,
			);
			path = changeDirectionTests;
			sourceTree = "<group>";
		};
		1583C90E1CF5570400E72779 /* changeDirectionUITests */ = {
			isa = PBXGroup;
			children = (
				1583C90F1CF5570400E72779 /* changeDirectionUITests.m */,
				1583C9111CF5570400E72779 /* Info.plist */,
			);
			path = changeDirectionUITests;
			sourceTree = "<group>";
		};
/* End PBXGroup section */

/* Begin PBXNativeTarget section */
		1583C8E61CF5570400E72779 /* changeDirection */ = {
			isa = PBXNativeTarget;
			buildConfigurationList = 1583C9141CF5570400E72779 /* Build configuration list for PBXNativeTarget "changeDirection" */;
			buildPhases = (
				1583C8E31CF5570400E72779 /* Sources */,
				1583C8E41CF5570400E72779 /* Frameworks */,
				1583C8E51CF5570400E72779 /* Resources */,
			);
			buildRules = (
			);
			dependencies = (
			);
			name = changeDirection;
			productName = changeDirection;
			productReference = 1583C8E71CF5570400E72779 /* changeDirection.app */;
			productType = "com.apple.product-type.application";
		};
		1583C8FF1CF5570400E72779 /* changeDirectionTests */ = {
			isa = PBXNativeTarget;
			buildConfigurationList = 1583C9171CF5570400E72779 /* Build configuration list for PBXNativeTarget "changeDirectionTests" */;
			buildPhases = (
				1583C8FC1CF5570400E72779 /* Sources */,
				1583C8FD1CF5570400E72779 /* Frameworks */,
				1583C8FE1CF5570400E72779 /* Resources */,
			);
			buildRules = (
			);
			dependencies = (
				1583C9021CF5570400E72779 /* PBXTargetDependency */,
			);
			name = changeDirectionTests;
			productName = changeDirectionTests;
			productReference = 1583C9001CF5570400E72779 /* changeDirectionTests.xctest */;
			productType = "com.apple.product-type.bundle.unit-test";
		};
		1583C90A1CF5570400E72779 /* changeDirectionUITests */ = {
			isa = PBXNativeTarget;
			buildConfigurationList = 1583C91A1CF5570400E72779 /* Build configuration list for PBXNativeTarget "changeDirectionUITests" */;
			buildPhases = (
				1583C9071CF5570400E72779 /* Sources */,
				1583C9081CF5570400E72779 /* Frameworks */,
				1583C9091CF5570400E72779 /* Resources */,
			);
			buildRules = (
			);
			dependencies = (
				1583C90D1CF5570400E72779 /* PBXTargetDependency */,
			);
			name = changeDirectionUITests;
			productName = changeDirectionUITests;
			productReference = 1583C90B1CF5570400E72779 /* changeDirectionUITests.xctest */;
			productType = "com.apple.product-type.bundle.ui-testing";
		};
/* End PBXNativeTarget section */

/* Begin PBXProject section */
		1583C8DF1CF5570400E72779 /* Project object */ = {
			isa = PBXProject;
			attributes = {
				LastUpgradeCheck = 0720;
				ORGANIZATIONNAME = X;
				TargetAttributes = {
					1583C8E61CF5570400E72779 = {
						CreatedOnToolsVersion = 7.2.1;
					};
					1583C8FF1CF5570400E72779 = {
						CreatedOnToolsVersion = 7.2.1;
						TestTargetID = 1583C8E61CF5570400E72779;
					};
					1583C90A1CF5570400E72779 = {
						CreatedOnToolsVersion = 7.2.1;
						TestTargetID = 1583C8E61CF5570400E72779;
					};
				};
			};
			buildConfigurationList = 1583C8E21CF5570400E72779 /* Build configuration list for PBXProject "changeDirection" */;
			compatibilityVersion = "Xcode 3.2";
			developmentRegion = English;
			hasScannedForEncodings = 0;
			knownRegions = (
				en,
				Base,
			);
			mainGroup = 1583C8DE1CF5570400E72779;
			productRefGroup = 1583C8E81CF5570400E72779 /* Products */;
			projectDirPath = "";
			projectRoot = "";
			targets = (
				1583C8E61CF5570400E72779 /* changeDirection */,
				1583C8FF1CF5570400E72779 /* changeDirectionTests */,
				1583C90A1CF5570400E72779 /* changeDirectionUITests */,
			);
		};
/* End PBXProject section */

/* Begin PBXResourcesBuildPhase section */
		1583C8E51CF5570400E72779 /* Resources */ = {
			isa = PBXResourcesBuildPhase;
			buildActionMask = 2147483647;
			files = (
				1583C8FA1CF5570400E72779 /* LaunchScreen.storyboard in Resources */,
				1583C8F71CF5570400E72779 /* Assets.xcassets in Resources */,
				1583C8F51CF5570400E72779 /* Main.storyboard in Resources */,
			);
			runOnlyForDeploymentPostprocessing = 0;
		};
		1583C8FE1CF5570400E72779 /* Resources */ = {
			isa = PBXResourcesBuildPhase;
			buildActionMask = 2147483647;
			files = (
			);
			runOnlyForDeploymentPostprocessing = 0;
		};
		1583C9091CF5570400E72779 /* Resources */ = {
			isa = PBXResourcesBuildPhase;
			buildActionMask = 2147483647;
			files = (
			);
			runOnlyForDeploymentPostprocessing = 0;
		};
/* End PBXResourcesBuildPhase section */

/* Begin PBXSourcesBuildPhase section */
		1583C8E31CF5570400E72779 /* Sources */ = {
			isa = PBXSourcesBuildPhase;
			buildActionMask = 2147483647;
			files = (
				1583C8F21CF5570400E72779 /* ViewController.m in Sources */,
				1583C8EF1CF5570400E72779 /* AppDelegate.m in Sources */,
				1583C8EC1CF5570400E72779 /* main.m in Sources */,
			);
			runOnlyForDeploymentPostprocessing = 0;
		};
		1583C8FC1CF5570400E72779 /* Sources */ = {
			isa = PBXSourcesBuildPhase;
			buildActionMask = 2147483647;
			files = (
				1583C9051CF5570400E72779 /* changeDirectionTests.m in Sources */,
			);
			runOnlyForDeploymentPostprocessing = 0;
		};
		1583C9071CF5570400E72779 /* Sources */ = {
			isa = PBXSourcesBuildPhase;
			buildActionMask = 2147483647;
			files = (
				1583C9101CF5570400E72779 /* changeDirectionUITests.m in Sources */,
			);
			runOnlyForDeploymentPostprocessing = 0;
		};
/* End PBXSourcesBuildPhase section */

/* Begin PBXTargetDependency section */
		1583C9021CF5570400E72779 /* PBXTargetDependency */ = {
			isa = PBXTargetDependency;
			target = 1583C8E61CF5570400E72779 /* changeDirection */;
			targetProxy = 1583C9011CF5570400E72779 /* PBXContainerItemProxy */;
		};
		1583C90D1CF5570400E72779 /* PBXTargetDependency */ = {
			isa = PBXTargetDependency;
			target = 1583C8E61CF5570400E72779 /* changeDirection */;
			targetProxy = 1583C90C1CF5570400E72779 /* PBXContainerItemProxy */;
		};
/* End PBXTargetDependency section */

/* Begin PBXVariantGroup section */
		1583C8F31CF5570400E72779 /* Main.storyboard */ = {
			isa = PBXVariantGroup;
			children = (
				1583C8F41CF5570400E72779 /* Base */,
			);
			name = Main.storyboard;
			sourceTree = "<group>";
		};
		1583C8F81CF5570400E72779 /* LaunchScreen.storyboard */ = {
			isa = PBXVariantGroup;
			children = (
				1583C8F91CF5570400E72779 /* Base */,
			);
			name = LaunchScreen.storyboard;
			sourceTree = "<group>";
		};
/* End PBXVariantGroup section */

/* Begin XCBuildConfiguration section */
		1583C9121CF5570400E72779 /* Debug */ = {
			isa = XCBuildConfiguration;
			buildSettings = {
				ALWAYS_SEARCH_USER_PATHS = NO;
				CLANG_CXX_LANGUAGE_STANDARD = "gnu++0x";
				CLANG_CXX_LIBRARY = "libc++";
				CLANG_ENABLE_MODULES = YES;
				CLANG_ENABLE_OBJC_ARC = YES;
				CLANG_WARN_BOOL_CONVERSION = YES;
				CLANG_WARN_CONSTANT_CONVERSION = YES;
				CLANG_WARN_DIRECT_OBJC_ISA_USAGE = YES_ERROR;
				CLANG_WARN_EMPTY_BODY = YES;
				CLANG_WARN_ENUM_CONVERSION = YES;
				CLANG_WARN_INT_CONVERSION = YES;
				CLANG_WARN_OBJC_ROOT_CLASS = YES_ERROR;
				CLANG_WARN_UNREACHABLE_CODE = YES;
				CLANG_WARN__DUPLICATE_METHOD_MATCH = YES;
				"CODE_SIGN_IDENTITY[sdk=iphoneos*]" = "iPhone Developer";
				COPY_PHASE_STRIP = NO;
				DEBUG_INFORMATION_FORMAT = dwarf;
				ENABLE_STRICT_OBJC_MSGSEND = YES;
				ENABLE_TESTABILITY = YES;
				GCC_C_LANGUAGE_STANDARD = gnu99;
				GCC_DYNAMIC_NO_PIC = NO;
				GCC_NO_COMMON_BLOCKS = YES;
				GCC_OPTIMIZATION_LEVEL = 0;
				GCC_PREPROCESSOR_DEFINITIONS = (
					"DEBUG=1",
					"$(inherited)",
				);
				GCC_WARN_64_TO_32_BIT_CONVERSION = YES;
				GCC_WARN_ABOUT_RETURN_TYPE = YES_ERROR;
				GCC_WARN_UNDECLARED_SELECTOR = YES;
				GCC_WARN_UNINITIALIZED_AUTOS = YES_AGGRESSIVE;
				GCC_WARN_UNUSED_FUNCTION = YES;
				GCC_WARN_UNUSED_VARIABLE = YES;
				IPHONEOS_DEPLOYMENT_TARGET = 9.2;
				MTL_ENABLE_DEBUG_INFO = YES;
				ONLY_ACTIVE_ARCH = YES;
				SDKROOT = iphoneos;
				TARGETED_DEVICE_FAMILY = "1,2";
			};
			name = Debug;
		};
		1583C9131CF5570400E72779 /* Release */ = {
			isa = XCBuildConfiguration;
			buildSettings = {
				ALWAYS_SEARCH_USER_PATHS = NO;
				CLANG_CXX_LANGUAGE_STANDARD = "gnu++0x";
				CLANG_CXX_LIBRARY = "libc++";
				CLANG_ENABLE_MODULES = YES;
				CLANG_ENABLE_OBJC_ARC = YES;
				CLANG_WARN_BOOL_CONVERSION = YES;
				CLANG_WARN_CONSTANT_CONVERSION = YES;
				CLANG_WARN_DIRECT_OBJC_ISA_USAGE = YES_ERROR;
				CLANG_WARN_EMPTY_BODY = YES;
				CLANG_WARN_ENUM_CONVERSION = YES;
				CLANG_WARN_INT_CONVERSION = YES;
				CLANG_WARN_OBJC_ROOT_CLASS = YES_ERROR;
				CLANG_WARN_UNREACHABLE_CODE = YES;
				CLANG_WARN__DUPLICATE_METHOD_MATCH = YES;
				"CODE_SIGN_IDENTITY[sdk=iphoneos*]" = "iPhone Developer";
				COPY_PHASE_STRIP = NO;
				DEBUG_INFORMATION_FORMAT = "dwarf-with-dsym";
				ENABLE_NS_ASSERTIONS = NO;
				ENABLE_STRICT_OBJC_MSGSEND = YES;
				GCC_C_LANGUAGE_STANDARD = gnu99;
				GCC_NO_COMMON_BLOCKS = YES;
				GCC_WARN_64_TO_32_BIT_CONVERSION = YES;
				GCC_WARN_ABOUT_RETURN_TYPE = YES_ERROR;
				GCC_WARN_UNDECLARED_SELECTOR = YES;
				GCC_WARN_UNINITIALIZED_AUTOS = YES_AGGRESSIVE;
				GCC_WARN_UNUSED_FUNCTION = YES;
				GCC_WARN_UNUSED_VARIABLE = YES;
				IPHONEOS_DEPLOYMENT_TARGET = 9.2;
				MTL_ENABLE_DEBUG_INFO = NO;
				SDKROOT = iphoneos;
				TARGETED_DEVICE_FAMILY = "1,2";
				VALIDATE_PRODUCT = YES;
			};
			name = Release;
		};
		1583C9151CF5570400E72779 /* Debug */ = {
			isa = XCBuildConfiguration;
			buildSettings = {
				ASSETCATALOG_COMPILER_APPICON_NAME = AppIcon;
				INFOPLIST_FILE = changeDirection/Info.plist;
				IPHONEOS_DEPLOYMENT_TARGET = 8.1;
				LD_RUNPATH_SEARCH_PATHS = "$(inherited) @executable_path/Frameworks";
				PRODUCT_BUNDLE_IDENTIFIER = com.x.changeDirection;
				PRODUCT_NAME = "$(TARGET_NAME)";
			};
			name = Debug;
		};
		1583C9161CF5570400E72779 /* Release */ = {
			isa = XCBuildConfiguration;
			buildSettings = {
				ASSETCATALOG_COMPILER_APPICON_NAME = AppIcon;
				INFOPLIST_FILE = changeDirection/Info.plist;
				IPHONEOS_DEPLOYMENT_TARGET = 8.1;
				LD_RUNPATH_SEARCH_PATHS = "$(inherited) @executable_path/Frameworks";
				PRODUCT_BUNDLE_IDENTIFIER = com.x.changeDirection;
				PRODUCT_NAME = "$(TARGET_NAME)";
			};
			name = Release;
		};
		1583C9181CF5570400E72779 /* Debug */ = {
			isa = XCBuildConfiguration;
			buildSettings = {
				BUNDLE_LOADER = "$(TEST_HOST)";
				INFOPLIST_FILE = changeDirectionTests/Info.plist;
				LD_RUNPATH_SEARCH_PATHS = "$(inherited) @executable_path/Frameworks @loader_path/Frameworks";
				PRODUCT_BUNDLE_IDENTIFIER = com.x.changeDirectionTests;
				PRODUCT_NAME = "$(TARGET_NAME)";
				TEST_HOST = "$(BUILT_PRODUCTS_DIR)/changeDirection.app/changeDirection";
			};
			name = Debug;
		};
		1583C9191CF5570400E72779 /* Release */ = {
			isa = XCBuildConfiguration;
			buildSettings = {
				BUNDLE_LOADER = "$(TEST_HOST)";
				INFOPLIST_FILE = changeDirectionTests/Info.plist;
				LD_RUNPATH_SEARCH_PATHS = "$(inherited) @executable_path/Frameworks @loader_path/Frameworks";
				PRODUCT_BUNDLE_IDENTIFIER = com.x.changeDirectionTests;
				PRODUCT_NAME = "$(TARGET_NAME)";
				TEST_HOST = "$(BUILT_PRODUCTS_DIR)/changeDirection.app/changeDirection";
			};
			name = Release;
		};
		1583C91B1CF5570400E72779 /* Debug */ = {
			isa = XCBuildConfiguration;
			buildSettings = {
				INFOPLIST_FILE = changeDirectionUITests/Info.plist;
				LD_RUNPATH_SEARCH_PATHS = "$(inherited) @executable_path/Frameworks @loader_path/Frameworks";
				PRODUCT_BUNDLE_IDENTIFIER = com.x.changeDirectionUITests;
				PRODUCT_NAME = "$(TARGET_NAME)";
				TEST_TARGET_NAME = changeDirection;
				USES_XCTRUNNER = YES;
			};
			name = Debug;
		};
		1583C91C1CF5570400E72779 /* Release */ = {
			isa = XCBuildConfiguration;
			buildSettings = {
				INFOPLIST_FILE = changeDirectionUITests/Info.plist;
				LD_RUNPATH_SEARCH_PATHS = "$(inherited) @executable_path/Frameworks @loader_path/Frameworks";
				PRODUCT_BUNDLE_IDENTIFIER = com.x.changeDirectionUITests;
				PRODUCT_NAME = "$(TARGET_NAME)";
				TEST_TARGET_NAME = changeDirection;
				USES_XCTRUNNER = YES;
			};
			name = Release;
		};
/* End XCBuildConfiguration section */

/* Begin XCConfigurationList section */
		1583C8E21CF5570400E72779 /* Build configuration list for PBXProject "changeDirection" */ = {
			isa = XCConfigurationList;
			buildConfigurations = (
				1583C9121CF5570400E72779 /* Debug */,
				1583C9131CF5570400E72779 /* Release */,
			);
			defaultConfigurationIsVisible = 0;
			defaultConfigurationName = Release;
		};
		1583C9141CF5570400E72779 /* Build configuration list for PBXNativeTarget "changeDirection" */ = {
			isa = XCConfigurationList;
			buildConfigurations = (
				1583C9151CF5570400E72779 /* Debug */,
				1583C9161CF5570400E72779 /* Release */,
			);
			defaultConfigurationIsVisible = 0;
			defaultConfigurationName = Release;
		};
		1583C9171CF5570400E72779 /* Build configuration list for PBXNativeTarget "changeDirectionTests" */ = {
			isa = XCConfigurationList;
			buildConfigurations = (
				1583C9181CF5570400E72779 /* Debug */,
				1583C9191CF5570400E72779 /* Release */,
			);
			defaultConfigurationIsVisible = 0;
			defaultConfigurationName = Release;
		};
		1583C91A1CF5570400E72779 /* Build configuration list for PBXNativeTarget "changeDirectionUITests" */ = {
			isa = XCConfigurationList;
			buildConfigurations = (
				1583C91B1CF5570400E72779 /* Debug */,
				1583C91C1CF5570400E72779 /* Release */,
			);
			defaultConfigurationIsVisible = 0;
			defaultConfigurationName = Release;
		};
/* End XCConfigurationList section */
	};
	rootObject = 1583C8DF1CF5570400E72779 /* Project object */;
}
